// !$*UTF8*$!
{
	archiveVersion = 1;
	classes = {
	};
	objectVersion = 51;
	objects = {

/* Begin PBXBuildFile section */
		22C0BF35D392A3415B413747 /* Pods_Pomodoro.framework in Frameworks */ = {isa = PBXBuildFile; fileRef = 3D33BF5258CA048A8E5F3221 /* Pods_Pomodoro.framework */; };
		90025A5824A3010C00FEFBC8 /* Codable+Extensions.swift in Sources */ = {isa = PBXBuildFile; fileRef = 90025A5724A3010C00FEFBC8 /* Codable+Extensions.swift */; };
		9004CCE2249B14DB00B8F23A /* ModuleBuilder.swift in Sources */ = {isa = PBXBuildFile; fileRef = 9004CCE1249B14DB00B8F23A /* ModuleBuilder.swift */; };
		9004CCE4249B15A800B8F23A /* HomePresenter.swift in Sources */ = {isa = PBXBuildFile; fileRef = 9004CCE3249B15A800B8F23A /* HomePresenter.swift */; };
		9004CCE7249B17C400B8F23A /* HomeViewController.swift in Sources */ = {isa = PBXBuildFile; fileRef = 9004CCE5249B17C400B8F23A /* HomeViewController.swift */; };
		9004CCE8249B17C400B8F23A /* HomeViewController.xib in Resources */ = {isa = PBXBuildFile; fileRef = 9004CCE6249B17C400B8F23A /* HomeViewController.xib */; };
		9004CCEE249B1C2E00B8F23A /* TaskViewController.swift in Sources */ = {isa = PBXBuildFile; fileRef = 9004CCEC249B1C2E00B8F23A /* TaskViewController.swift */; };
		9004CCEF249B1C2E00B8F23A /* TaskViewController.xib in Resources */ = {isa = PBXBuildFile; fileRef = 9004CCED249B1C2E00B8F23A /* TaskViewController.xib */; };
		9004CCF1249B1C4000B8F23A /* TaskPresenter.swift in Sources */ = {isa = PBXBuildFile; fileRef = 9004CCF0249B1C4000B8F23A /* TaskPresenter.swift */; };
		9016E0F1249440F2000AC54F /* AppDelegate.swift in Sources */ = {isa = PBXBuildFile; fileRef = 9016E0F0249440F2000AC54F /* AppDelegate.swift */; };
		9016E0F3249440F2000AC54F /* SceneDelegate.swift in Sources */ = {isa = PBXBuildFile; fileRef = 9016E0F2249440F2000AC54F /* SceneDelegate.swift */; };
		9016E0F5249440F2000AC54F /* ViewController.swift in Sources */ = {isa = PBXBuildFile; fileRef = 9016E0F4249440F2000AC54F /* ViewController.swift */; };
		9016E0FB249440F2000AC54F /* Pomodoro.xcdatamodeld in Sources */ = {isa = PBXBuildFile; fileRef = 9016E0F9249440F2000AC54F /* Pomodoro.xcdatamodeld */; };
		9016E0FD249440F3000AC54F /* Assets.xcassets in Resources */ = {isa = PBXBuildFile; fileRef = 9016E0FC249440F3000AC54F /* Assets.xcassets */; };
		9016E100249440F3000AC54F /* LaunchScreen.storyboard in Resources */ = {isa = PBXBuildFile; fileRef = 9016E0FE249440F3000AC54F /* LaunchScreen.storyboard */; };
		9016E10824944152000AC54F /* GoogleService-Info.plist in Resources */ = {isa = PBXBuildFile; fileRef = 9016E10724944152000AC54F /* GoogleService-Info.plist */; };
		9016E135249548C4000AC54F /* 88.png in Resources */ = {isa = PBXBuildFile; fileRef = 9016E115249548C4000AC54F /* 88.png */; };
		9016E136249548C4000AC54F /* 1024.png in Resources */ = {isa = PBXBuildFile; fileRef = 9016E116249548C4000AC54F /* 1024.png */; };
		9016E137249548C4000AC54F /* 76.png in Resources */ = {isa = PBXBuildFile; fileRef = 9016E117249548C4000AC54F /* 76.png */; };
		9016E138249548C4000AC54F /* 60.png in Resources */ = {isa = PBXBuildFile; fileRef = 9016E118249548C4000AC54F /* 60.png */; };
		9016E139249548C4000AC54F /* 48.png in Resources */ = {isa = PBXBuildFile; fileRef = 9016E119249548C4000AC54F /* 48.png */; };
		9016E13A249548C4000AC54F /* 216.png in Resources */ = {isa = PBXBuildFile; fileRef = 9016E11A249548C4000AC54F /* 216.png */; };
		9016E13B249548C4000AC54F /* 64.png in Resources */ = {isa = PBXBuildFile; fileRef = 9016E11B249548C4000AC54F /* 64.png */; };
		9016E13C249548C4000AC54F /* 58.png in Resources */ = {isa = PBXBuildFile; fileRef = 9016E11C249548C4000AC54F /* 58.png */; };
		9016E13D249548C4000AC54F /* 167.png in Resources */ = {isa = PBXBuildFile; fileRef = 9016E11D249548C4000AC54F /* 167.png */; };
		9016E13E249548C4000AC54F /* 72.png in Resources */ = {isa = PBXBuildFile; fileRef = 9016E11E249548C4000AC54F /* 72.png */; };
		9016E13F249548C4000AC54F /* 172.png in Resources */ = {isa = PBXBuildFile; fileRef = 9016E11F249548C4000AC54F /* 172.png */; };
		9016E140249548C4000AC54F /* 29.png in Resources */ = {isa = PBXBuildFile; fileRef = 9016E120249548C4000AC54F /* 29.png */; };
		9016E141249548C4000AC54F /* 100.png in Resources */ = {isa = PBXBuildFile; fileRef = 9016E121249548C4000AC54F /* 100.png */; };
		9016E142249548C4000AC54F /* 114.png in Resources */ = {isa = PBXBuildFile; fileRef = 9016E122249548C4000AC54F /* 114.png */; };
		9016E143249548C4000AC54F /* 128.png in Resources */ = {isa = PBXBuildFile; fileRef = 9016E123249548C4000AC54F /* 128.png */; };
		9016E144249548C4000AC54F /* 512.png in Resources */ = {isa = PBXBuildFile; fileRef = 9016E124249548C4000AC54F /* 512.png */; };
		9016E145249548C4000AC54F /* 16.png in Resources */ = {isa = PBXBuildFile; fileRef = 9016E125249548C4000AC54F /* 16.png */; };
		9016E146249548C4000AC54F /* 120.png in Resources */ = {isa = PBXBuildFile; fileRef = 9016E126249548C4000AC54F /* 120.png */; };
		9016E147249548C4000AC54F /* 256.png in Resources */ = {isa = PBXBuildFile; fileRef = 9016E127249548C4000AC54F /* 256.png */; };
		9016E148249548C4000AC54F /* 20.png in Resources */ = {isa = PBXBuildFile; fileRef = 9016E128249548C4000AC54F /* 20.png */; };
		9016E149249548C4000AC54F /* 32.png in Resources */ = {isa = PBXBuildFile; fileRef = 9016E129249548C4000AC54F /* 32.png */; };
		9016E14A249548C4000AC54F /* Contents.json in Resources */ = {isa = PBXBuildFile; fileRef = 9016E12A249548C4000AC54F /* Contents.json */; };
		9016E14B249548C4000AC54F /* 180.png in Resources */ = {isa = PBXBuildFile; fileRef = 9016E12B249548C4000AC54F /* 180.png */; };
		9016E14C249548C4000AC54F /* 57.png in Resources */ = {isa = PBXBuildFile; fileRef = 9016E12C249548C4000AC54F /* 57.png */; };
		9016E14D249548C4000AC54F /* 80.png in Resources */ = {isa = PBXBuildFile; fileRef = 9016E12D249548C4000AC54F /* 80.png */; };
		9016E14E249548C4000AC54F /* 55.png in Resources */ = {isa = PBXBuildFile; fileRef = 9016E12E249548C4000AC54F /* 55.png */; };
		9016E14F249548C4000AC54F /* 196.png in Resources */ = {isa = PBXBuildFile; fileRef = 9016E12F249548C4000AC54F /* 196.png */; };
		9016E150249548C4000AC54F /* 40.png in Resources */ = {isa = PBXBuildFile; fileRef = 9016E130249548C4000AC54F /* 40.png */; };
		9016E151249548C4000AC54F /* 87.png in Resources */ = {isa = PBXBuildFile; fileRef = 9016E131249548C4000AC54F /* 87.png */; };
		9016E152249548C4000AC54F /* 50.png in Resources */ = {isa = PBXBuildFile; fileRef = 9016E132249548C4000AC54F /* 50.png */; };
		9016E153249548C4000AC54F /* 144.png in Resources */ = {isa = PBXBuildFile; fileRef = 9016E133249548C4000AC54F /* 144.png */; };
		9016E154249548C4000AC54F /* 152.png in Resources */ = {isa = PBXBuildFile; fileRef = 9016E134249548C4000AC54F /* 152.png */; };
		90CCD0282496ABA500AE2437 /* UserObject.swift in Sources */ = {isa = PBXBuildFile; fileRef = 90CCD0272496ABA500AE2437 /* UserObject.swift */; };
		90CCD02A2496AEDE00AE2437 /* TaskObject.swift in Sources */ = {isa = PBXBuildFile; fileRef = 90CCD0292496AEDE00AE2437 /* TaskObject.swift */; };
/* End PBXBuildFile section */

/* Begin PBXFileReference section */
		1E197EF6B492897189AA9A92 /* Pods-Pomodoro.release.xcconfig */ = {isa = PBXFileReference; includeInIndex = 1; lastKnownFileType = text.xcconfig; name = "Pods-Pomodoro.release.xcconfig"; path = "Target Support Files/Pods-Pomodoro/Pods-Pomodoro.release.xcconfig"; sourceTree = "<group>"; };
		387469B30930309D3F0896CC /* Pods-Pomodoro.debug.xcconfig */ = {isa = PBXFileReference; includeInIndex = 1; lastKnownFileType = text.xcconfig; name = "Pods-Pomodoro.debug.xcconfig"; path = "Target Support Files/Pods-Pomodoro/Pods-Pomodoro.debug.xcconfig"; sourceTree = "<group>"; };
		3D33BF5258CA048A8E5F3221 /* Pods_Pomodoro.framework */ = {isa = PBXFileReference; explicitFileType = wrapper.framework; includeInIndex = 0; path = Pods_Pomodoro.framework; sourceTree = BUILT_PRODUCTS_DIR; };
		90025A5724A3010C00FEFBC8 /* Codable+Extensions.swift */ = {isa = PBXFileReference; lastKnownFileType = sourcecode.swift; path = "Codable+Extensions.swift"; sourceTree = "<group>"; };
		9004CCE1249B14DB00B8F23A /* ModuleBuilder.swift */ = {isa = PBXFileReference; lastKnownFileType = sourcecode.swift; path = ModuleBuilder.swift; sourceTree = "<group>"; };
		9004CCE3249B15A800B8F23A /* HomePresenter.swift */ = {isa = PBXFileReference; lastKnownFileType = sourcecode.swift; path = HomePresenter.swift; sourceTree = "<group>"; };
		9004CCE5249B17C400B8F23A /* HomeViewController.swift */ = {isa = PBXFileReference; lastKnownFileType = sourcecode.swift; path = HomeViewController.swift; sourceTree = "<group>"; };
		9004CCE6249B17C400B8F23A /* HomeViewController.xib */ = {isa = PBXFileReference; lastKnownFileType = file.xib; path = HomeViewController.xib; sourceTree = "<group>"; };
		9004CCEC249B1C2E00B8F23A /* TaskViewController.swift */ = {isa = PBXFileReference; lastKnownFileType = sourcecode.swift; path = TaskViewController.swift; sourceTree = "<group>"; };
		9004CCED249B1C2E00B8F23A /* TaskViewController.xib */ = {isa = PBXFileReference; lastKnownFileType = file.xib; path = TaskViewController.xib; sourceTree = "<group>"; };
		9004CCF0249B1C4000B8F23A /* TaskPresenter.swift */ = {isa = PBXFileReference; lastKnownFileType = sourcecode.swift; path = TaskPresenter.swift; sourceTree = "<group>"; };
		9016E0ED249440F2000AC54F /* Pomodoro.app */ = {isa = PBXFileReference; explicitFileType = wrapper.application; includeInIndex = 0; path = Pomodoro.app; sourceTree = BUILT_PRODUCTS_DIR; };
		9016E0F0249440F2000AC54F /* AppDelegate.swift */ = {isa = PBXFileReference; lastKnownFileType = sourcecode.swift; path = AppDelegate.swift; sourceTree = "<group>"; };
		9016E0F2249440F2000AC54F /* SceneDelegate.swift */ = {isa = PBXFileReference; lastKnownFileType = sourcecode.swift; path = SceneDelegate.swift; sourceTree = "<group>"; };
		9016E0F4249440F2000AC54F /* ViewController.swift */ = {isa = PBXFileReference; lastKnownFileType = sourcecode.swift; path = ViewController.swift; sourceTree = "<group>"; };
		9016E0FA249440F2000AC54F /* Pomodoro.xcdatamodel */ = {isa = PBXFileReference; lastKnownFileType = wrapper.xcdatamodel; path = Pomodoro.xcdatamodel; sourceTree = "<group>"; };
		9016E0FC249440F3000AC54F /* Assets.xcassets */ = {isa = PBXFileReference; lastKnownFileType = folder.assetcatalog; path = Assets.xcassets; sourceTree = "<group>"; };
		9016E0FF249440F3000AC54F /* Base */ = {isa = PBXFileReference; lastKnownFileType = file.storyboard; name = Base; path = Base.lproj/LaunchScreen.storyboard; sourceTree = "<group>"; };
		9016E101249440F3000AC54F /* Info.plist */ = {isa = PBXFileReference; lastKnownFileType = text.plist.xml; path = Info.plist; sourceTree = "<group>"; };
		9016E10724944152000AC54F /* GoogleService-Info.plist */ = {isa = PBXFileReference; fileEncoding = 4; lastKnownFileType = text.plist.xml; path = "GoogleService-Info.plist"; sourceTree = "<group>"; };
		9016E115249548C4000AC54F /* 88.png */ = {isa = PBXFileReference; lastKnownFileType = image.png; path = 88.png; sourceTree = "<group>"; };
		9016E116249548C4000AC54F /* 1024.png */ = {isa = PBXFileReference; lastKnownFileType = image.png; path = 1024.png; sourceTree = "<group>"; };
		9016E117249548C4000AC54F /* 76.png */ = {isa = PBXFileReference; lastKnownFileType = image.png; path = 76.png; sourceTree = "<group>"; };
		9016E118249548C4000AC54F /* 60.png */ = {isa = PBXFileReference; lastKnownFileType = image.png; path = 60.png; sourceTree = "<group>"; };
		9016E119249548C4000AC54F /* 48.png */ = {isa = PBXFileReference; lastKnownFileType = image.png; path = 48.png; sourceTree = "<group>"; };
		9016E11A249548C4000AC54F /* 216.png */ = {isa = PBXFileReference; lastKnownFileType = image.png; path = 216.png; sourceTree = "<group>"; };
		9016E11B249548C4000AC54F /* 64.png */ = {isa = PBXFileReference; lastKnownFileType = image.png; path = 64.png; sourceTree = "<group>"; };
		9016E11C249548C4000AC54F /* 58.png */ = {isa = PBXFileReference; lastKnownFileType = image.png; path = 58.png; sourceTree = "<group>"; };
		9016E11D249548C4000AC54F /* 167.png */ = {isa = PBXFileReference; lastKnownFileType = image.png; path = 167.png; sourceTree = "<group>"; };
		9016E11E249548C4000AC54F /* 72.png */ = {isa = PBXFileReference; lastKnownFileType = image.png; path = 72.png; sourceTree = "<group>"; };
		9016E11F249548C4000AC54F /* 172.png */ = {isa = PBXFileReference; lastKnownFileType = image.png; path = 172.png; sourceTree = "<group>"; };
		9016E120249548C4000AC54F /* 29.png */ = {isa = PBXFileReference; lastKnownFileType = image.png; path = 29.png; sourceTree = "<group>"; };
		9016E121249548C4000AC54F /* 100.png */ = {isa = PBXFileReference; lastKnownFileType = image.png; path = 100.png; sourceTree = "<group>"; };
		9016E122249548C4000AC54F /* 114.png */ = {isa = PBXFileReference; lastKnownFileType = image.png; path = 114.png; sourceTree = "<group>"; };
		9016E123249548C4000AC54F /* 128.png */ = {isa = PBXFileReference; lastKnownFileType = image.png; path = 128.png; sourceTree = "<group>"; };
		9016E124249548C4000AC54F /* 512.png */ = {isa = PBXFileReference; lastKnownFileType = image.png; path = 512.png; sourceTree = "<group>"; };
		9016E125249548C4000AC54F /* 16.png */ = {isa = PBXFileReference; lastKnownFileType = image.png; path = 16.png; sourceTree = "<group>"; };
		9016E126249548C4000AC54F /* 120.png */ = {isa = PBXFileReference; lastKnownFileType = image.png; path = 120.png; sourceTree = "<group>"; };
		9016E127249548C4000AC54F /* 256.png */ = {isa = PBXFileReference; lastKnownFileType = image.png; path = 256.png; sourceTree = "<group>"; };
		9016E128249548C4000AC54F /* 20.png */ = {isa = PBXFileReference; lastKnownFileType = image.png; path = 20.png; sourceTree = "<group>"; };
		9016E129249548C4000AC54F /* 32.png */ = {isa = PBXFileReference; lastKnownFileType = image.png; path = 32.png; sourceTree = "<group>"; };
		9016E12A249548C4000AC54F /* Contents.json */ = {isa = PBXFileReference; fileEncoding = 4; lastKnownFileType = text.json; path = Contents.json; sourceTree = "<group>"; };
		9016E12B249548C4000AC54F /* 180.png */ = {isa = PBXFileReference; lastKnownFileType = image.png; path = 180.png; sourceTree = "<group>"; };
		9016E12C249548C4000AC54F /* 57.png */ = {isa = PBXFileReference; lastKnownFileType = image.png; path = 57.png; sourceTree = "<group>"; };
		9016E12D249548C4000AC54F /* 80.png */ = {isa = PBXFileReference; lastKnownFileType = image.png; path = 80.png; sourceTree = "<group>"; };
		9016E12E249548C4000AC54F /* 55.png */ = {isa = PBXFileReference; lastKnownFileType = image.png; path = 55.png; sourceTree = "<group>"; };
		9016E12F249548C4000AC54F /* 196.png */ = {isa = PBXFileReference; lastKnownFileType = image.png; path = 196.png; sourceTree = "<group>"; };
		9016E130249548C4000AC54F /* 40.png */ = {isa = PBXFileReference; lastKnownFileType = image.png; path = 40.png; sourceTree = "<group>"; };
		9016E131249548C4000AC54F /* 87.png */ = {isa = PBXFileReference; lastKnownFileType = image.png; path = 87.png; sourceTree = "<group>"; };
		9016E132249548C4000AC54F /* 50.png */ = {isa = PBXFileReference; lastKnownFileType = image.png; path = 50.png; sourceTree = "<group>"; };
		9016E133249548C4000AC54F /* 144.png */ = {isa = PBXFileReference; lastKnownFileType = image.png; path = 144.png; sourceTree = "<group>"; };
		9016E134249548C4000AC54F /* 152.png */ = {isa = PBXFileReference; lastKnownFileType = image.png; path = 152.png; sourceTree = "<group>"; };
		90CCD0272496ABA500AE2437 /* UserObject.swift */ = {isa = PBXFileReference; lastKnownFileType = sourcecode.swift; path = UserObject.swift; sourceTree = "<group>"; };
		90CCD0292496AEDE00AE2437 /* TaskObject.swift */ = {isa = PBXFileReference; lastKnownFileType = sourcecode.swift; path = TaskObject.swift; sourceTree = "<group>"; };
/* End PBXFileReference section */

/* Begin PBXFrameworksBuildPhase section */
		9016E0EA249440F2000AC54F /* Frameworks */ = {
			isa = PBXFrameworksBuildPhase;
			buildActionMask = 2147483647;
			files = (
				22C0BF35D392A3415B413747 /* Pods_Pomodoro.framework in Frameworks */,
			);
			runOnlyForDeploymentPostprocessing = 0;
		};
/* End PBXFrameworksBuildPhase section */

/* Begin PBXGroup section */
		0B7880242FE37DBDCA278565 /* Pods */ = {
			isa = PBXGroup;
			children = (
				387469B30930309D3F0896CC /* Pods-Pomodoro.debug.xcconfig */,
				1E197EF6B492897189AA9A92 /* Pods-Pomodoro.release.xcconfig */,
			);
			path = Pods;
			sourceTree = "<group>";
		};
		90025A5624A300D000FEFBC8 /* Utils */ = {
			isa = PBXGroup;
			children = (
				90025A5724A3010C00FEFBC8 /* Codable+Extensions.swift */,
			);
			path = Utils;
			sourceTree = "<group>";
		};
		9004CCE9249B1BF700B8F23A /* TaskModule */ = {
			isa = PBXGroup;
			children = (
				9004CCEA249B1C0A00B8F23A /* View */,
				9004CCEB249B1C1500B8F23A /* Presenter */,
			);
			path = TaskModule;
			sourceTree = "<group>";
		};
		9004CCEA249B1C0A00B8F23A /* View */ = {
			isa = PBXGroup;
			children = (
				9004CCED249B1C2E00B8F23A /* TaskViewController.xib */,
				9004CCEC249B1C2E00B8F23A /* TaskViewController.swift */,
			);
			path = View;
			sourceTree = "<group>";
		};
		9004CCEB249B1C1500B8F23A /* Presenter */ = {
			isa = PBXGroup;
			children = (
				9004CCF0249B1C4000B8F23A /* TaskPresenter.swift */,
			);
			path = Presenter;
			sourceTree = "<group>";
		};
		9016E0E4249440F2000AC54F = {
			isa = PBXGroup;
			children = (
				9016E0EF249440F2000AC54F /* Pomodoro */,
				9016E0EE249440F2000AC54F /* Products */,
				0B7880242FE37DBDCA278565 /* Pods */,
				9A7CD1C807CDE6917539693E /* Frameworks */,
			);
			sourceTree = "<group>";
		};
		9016E0EE249440F2000AC54F /* Products */ = {
			isa = PBXGroup;
			children = (
				9016E0ED249440F2000AC54F /* Pomodoro.app */,
			);
			name = Products;
			sourceTree = "<group>";
		};
		9016E0EF249440F2000AC54F /* Pomodoro */ = {
			isa = PBXGroup;
			children = (
				90025A5624A300D000FEFBC8 /* Utils */,
				90CCD0252496AB8700AE2437 /* Services */,
				9016E10F24944B16000AC54F /* UI */,
				9016E0F0249440F2000AC54F /* AppDelegate.swift */,
				9016E0F4249440F2000AC54F /* ViewController.swift */,
				9016E0F2249440F2000AC54F /* SceneDelegate.swift */,
				9016E0FC249440F3000AC54F /* Assets.xcassets */,
				9016E114249548C4000AC54F /* AppIcon.appiconset */,
				9016E0FE249440F3000AC54F /* LaunchScreen.storyboard */,
				9016E101249440F3000AC54F /* Info.plist */,
				9016E10724944152000AC54F /* GoogleService-Info.plist */,
				9016E0F9249440F2000AC54F /* Pomodoro.xcdatamodeld */,
			);
			path = Pomodoro;
			sourceTree = "<group>";
		};
		9016E10A24944AA3000AC54F /* HomeModule */ = {
			isa = PBXGroup;
			children = (
				9016E11124944BA7000AC54F /* View */,
				9016E11024944B6A000AC54F /* Presenter */,
			);
			path = HomeModule;
			sourceTree = "<group>";
		};
		9016E10F24944B16000AC54F /* UI */ = {
			isa = PBXGroup;
			children = (
				9004CCE9249B1BF700B8F23A /* TaskModule */,
				9016E10A24944AA3000AC54F /* HomeModule */,
				9004CCE1249B14DB00B8F23A /* ModuleBuilder.swift */,
			);
			name = UI;
			path = Source/UI;
			sourceTree = "<group>";
		};
		9016E11024944B6A000AC54F /* Presenter */ = {
			isa = PBXGroup;
			children = (
				9004CCE3249B15A800B8F23A /* HomePresenter.swift */,
			);
			path = Presenter;
			sourceTree = "<group>";
		};
		9016E11124944BA7000AC54F /* View */ = {
			isa = PBXGroup;
			children = (
				9004CCE6249B17C400B8F23A /* HomeViewController.xib */,
				9004CCE5249B17C400B8F23A /* HomeViewController.swift */,
			);
			path = View;
			sourceTree = "<group>";
		};
		9016E114249548C4000AC54F /* AppIcon.appiconset */ = {
			isa = PBXGroup;
			children = (
				9016E115249548C4000AC54F /* 88.png */,
				9016E116249548C4000AC54F /* 1024.png */,
				9016E117249548C4000AC54F /* 76.png */,
				9016E118249548C4000AC54F /* 60.png */,
				9016E119249548C4000AC54F /* 48.png */,
				9016E11A249548C4000AC54F /* 216.png */,
				9016E11B249548C4000AC54F /* 64.png */,
				9016E11C249548C4000AC54F /* 58.png */,
				9016E11D249548C4000AC54F /* 167.png */,
				9016E11E249548C4000AC54F /* 72.png */,
				9016E11F249548C4000AC54F /* 172.png */,
				9016E120249548C4000AC54F /* 29.png */,
				9016E121249548C4000AC54F /* 100.png */,
				9016E122249548C4000AC54F /* 114.png */,
				9016E123249548C4000AC54F /* 128.png */,
				9016E124249548C4000AC54F /* 512.png */,
				9016E125249548C4000AC54F /* 16.png */,
				9016E126249548C4000AC54F /* 120.png */,
				9016E127249548C4000AC54F /* 256.png */,
				9016E128249548C4000AC54F /* 20.png */,
				9016E129249548C4000AC54F /* 32.png */,
				9016E12A249548C4000AC54F /* Contents.json */,
				9016E12B249548C4000AC54F /* 180.png */,
				9016E12C249548C4000AC54F /* 57.png */,
				9016E12D249548C4000AC54F /* 80.png */,
				9016E12E249548C4000AC54F /* 55.png */,
				9016E12F249548C4000AC54F /* 196.png */,
				9016E130249548C4000AC54F /* 40.png */,
				9016E131249548C4000AC54F /* 87.png */,
				9016E132249548C4000AC54F /* 50.png */,
				9016E133249548C4000AC54F /* 144.png */,
				9016E134249548C4000AC54F /* 152.png */,
			);
			name = AppIcon.appiconset;
			path = Assets.xcassets/AppIcon.appiconset;
			sourceTree = "<group>";
		};
		90CCD0252496AB8700AE2437 /* Services */ = {
			isa = PBXGroup;
			children = (
				90CCD0262496AB8D00AE2437 /* Models */,
			);
			path = Services;
			sourceTree = "<group>";
		};
		90CCD0262496AB8D00AE2437 /* Models */ = {
			isa = PBXGroup;
			children = (
				90CCD0272496ABA500AE2437 /* UserObject.swift */,
				90CCD0292496AEDE00AE2437 /* TaskObject.swift */,
			);
			path = Models;
			sourceTree = "<group>";
		};
		9A7CD1C807CDE6917539693E /* Frameworks */ = {
			isa = PBXGroup;
			children = (
				3D33BF5258CA048A8E5F3221 /* Pods_Pomodoro.framework */,
			);
			name = Frameworks;
			sourceTree = "<group>";
		};
/* End PBXGroup section */

/* Begin PBXNativeTarget section */
		9016E0EC249440F2000AC54F /* Pomodoro */ = {
			isa = PBXNativeTarget;
			buildConfigurationList = 9016E104249440F3000AC54F /* Build configuration list for PBXNativeTarget "Pomodoro" */;
			buildPhases = (
				F070055C0F215727348F508D /* [CP] Check Pods Manifest.lock */,
				9016E0E9249440F2000AC54F /* Sources */,
				9016E0EA249440F2000AC54F /* Frameworks */,
				9016E0EB249440F2000AC54F /* Resources */,
				5A97E16E534DF45781C2BFA4 /* [CP] Embed Pods Frameworks */,
			);
			buildRules = (
			);
			dependencies = (
			);
			name = Pomodoro;
			productName = Pomodoro;
			productReference = 9016E0ED249440F2000AC54F /* Pomodoro.app */;
			productType = "com.apple.product-type.application";
		};
/* End PBXNativeTarget section */

/* Begin PBXProject section */
		9016E0E5249440F2000AC54F /* Project object */ = {
			isa = PBXProject;
			attributes = {
				LastSwiftUpdateCheck = 1150;
				LastUpgradeCheck = 1150;
				ORGANIZATIONNAME = JDoor;
				TargetAttributes = {
					9016E0EC249440F2000AC54F = {
						CreatedOnToolsVersion = 11.5;
					};
				};
			};
			buildConfigurationList = 9016E0E8249440F2000AC54F /* Build configuration list for PBXProject "Pomodoro" */;
			compatibilityVersion = "Xcode 9.3";
			developmentRegion = en;
			hasScannedForEncodings = 0;
			knownRegions = (
				en,
				Base,
			);
			mainGroup = 9016E0E4249440F2000AC54F;
			productRefGroup = 9016E0EE249440F2000AC54F /* Products */;
			projectDirPath = "";
			projectRoot = "";
			targets = (
				9016E0EC249440F2000AC54F /* Pomodoro */,
			);
		};
/* End PBXProject section */

/* Begin PBXResourcesBuildPhase section */
		9016E0EB249440F2000AC54F /* Resources */ = {
			isa = PBXResourcesBuildPhase;
			buildActionMask = 2147483647;
			files = (
				9016E149249548C4000AC54F /* 32.png in Resources */,
				9016E13E249548C4000AC54F /* 72.png in Resources */,
				9016E13C249548C4000AC54F /* 58.png in Resources */,
				9016E100249440F3000AC54F /* LaunchScreen.storyboard in Resources */,
				9016E140249548C4000AC54F /* 29.png in Resources */,
				9004CCEF249B1C2E00B8F23A /* TaskViewController.xib in Resources */,
				9016E135249548C4000AC54F /* 88.png in Resources */,
				9016E148249548C4000AC54F /* 20.png in Resources */,
				9016E13F249548C4000AC54F /* 172.png in Resources */,
				9016E14E249548C4000AC54F /* 55.png in Resources */,
				9016E10824944152000AC54F /* GoogleService-Info.plist in Resources */,
				9016E13B249548C4000AC54F /* 64.png in Resources */,
				9016E150249548C4000AC54F /* 40.png in Resources */,
				9016E136249548C4000AC54F /* 1024.png in Resources */,
				9016E143249548C4000AC54F /* 128.png in Resources */,
				9016E141249548C4000AC54F /* 100.png in Resources */,
				9016E14C249548C4000AC54F /* 57.png in Resources */,
				9016E151249548C4000AC54F /* 87.png in Resources */,
				9016E142249548C4000AC54F /* 114.png in Resources */,
				9016E14D249548C4000AC54F /* 80.png in Resources */,
				9016E144249548C4000AC54F /* 512.png in Resources */,
				9016E154249548C4000AC54F /* 152.png in Resources */,
				9016E146249548C4000AC54F /* 120.png in Resources */,
				9016E13A249548C4000AC54F /* 216.png in Resources */,
				9016E147249548C4000AC54F /* 256.png in Resources */,
				9016E0FD249440F3000AC54F /* Assets.xcassets in Resources */,
				9016E139249548C4000AC54F /* 48.png in Resources */,
				9016E152249548C4000AC54F /* 50.png in Resources */,
				9016E14A249548C4000AC54F /* Contents.json in Resources */,
				9016E153249548C4000AC54F /* 144.png in Resources */,
				9016E137249548C4000AC54F /* 76.png in Resources */,
				9016E14F249548C4000AC54F /* 196.png in Resources */,
				9016E14B249548C4000AC54F /* 180.png in Resources */,
				9016E145249548C4000AC54F /* 16.png in Resources */,
				9016E138249548C4000AC54F /* 60.png in Resources */,
				9016E13D249548C4000AC54F /* 167.png in Resources */,
				9004CCE8249B17C400B8F23A /* HomeViewController.xib in Resources */,
			);
			runOnlyForDeploymentPostprocessing = 0;
		};
/* End PBXResourcesBuildPhase section */

/* Begin PBXShellScriptBuildPhase section */
		5A97E16E534DF45781C2BFA4 /* [CP] Embed Pods Frameworks */ = {
			isa = PBXShellScriptBuildPhase;
			buildActionMask = 2147483647;
			files = (
			);
			inputFileListPaths = (
				"${PODS_ROOT}/Target Support Files/Pods-Pomodoro/Pods-Pomodoro-frameworks-${CONFIGURATION}-input-files.xcfilelist",
			);
			name = "[CP] Embed Pods Frameworks";
			outputFileListPaths = (
				"${PODS_ROOT}/Target Support Files/Pods-Pomodoro/Pods-Pomodoro-frameworks-${CONFIGURATION}-output-files.xcfilelist",
			);
			runOnlyForDeploymentPostprocessing = 0;
			shellPath = /bin/sh;
			shellScript = "\"${PODS_ROOT}/Target Support Files/Pods-Pomodoro/Pods-Pomodoro-frameworks.sh\"\n";
			showEnvVarsInLog = 0;
		};
		F070055C0F215727348F508D /* [CP] Check Pods Manifest.lock */ = {
			isa = PBXShellScriptBuildPhase;
			buildActionMask = 2147483647;
			files = (
			);
			inputFileListPaths = (
			);
			inputPaths = (
				"${PODS_PODFILE_DIR_PATH}/Podfile.lock",
				"${PODS_ROOT}/Manifest.lock",
			);
			name = "[CP] Check Pods Manifest.lock";
			outputFileListPaths = (
			);
			outputPaths = (
				"$(DERIVED_FILE_DIR)/Pods-Pomodoro-checkManifestLockResult.txt",
			);
			runOnlyForDeploymentPostprocessing = 0;
			shellPath = /bin/sh;
			shellScript = "diff \"${PODS_PODFILE_DIR_PATH}/Podfile.lock\" \"${PODS_ROOT}/Manifest.lock\" > /dev/null\nif [ $? != 0 ] ; then\n    # print error to STDERR\n    echo \"error: The sandbox is not in sync with the Podfile.lock. Run 'pod install' or update your CocoaPods installation.\" >&2\n    exit 1\nfi\n# This output is used by Xcode 'outputs' to avoid re-running this script phase.\necho \"SUCCESS\" > \"${SCRIPT_OUTPUT_FILE_0}\"\n";
			showEnvVarsInLog = 0;
		};
/* End PBXShellScriptBuildPhase section */

/* Begin PBXSourcesBuildPhase section */
		9016E0E9249440F2000AC54F /* Sources */ = {
			isa = PBXSourcesBuildPhase;
			buildActionMask = 2147483647;
			files = (
				90025A5824A3010C00FEFBC8 /* Codable+Extensions.swift in Sources */,
				9016E0FB249440F2000AC54F /* Pomodoro.xcdatamodeld in Sources */,
				90CCD02A2496AEDE00AE2437 /* TaskObject.swift in Sources */,
				9016E0F5249440F2000AC54F /* ViewController.swift in Sources */,
				9016E0F1249440F2000AC54F /* AppDelegate.swift in Sources */,
				9004CCE2249B14DB00B8F23A /* ModuleBuilder.swift in Sources */,
				9004CCE7249B17C400B8F23A /* HomeViewController.swift in Sources */,
				9016E0F3249440F2000AC54F /* SceneDelegate.swift in Sources */,
				9004CCEE249B1C2E00B8F23A /* TaskViewController.swift in Sources */,
				9004CCE4249B15A800B8F23A /* HomePresenter.swift in Sources */,
				9004CCF1249B1C4000B8F23A /* TaskPresenter.swift in Sources */,
				90CCD0282496ABA500AE2437 /* UserObject.swift in Sources */,
			);
			runOnlyForDeploymentPostprocessing = 0;
		};
/* End PBXSourcesBuildPhase section */

/* Begin PBXVariantGroup section */
		9016E0FE249440F3000AC54F /* LaunchScreen.storyboard */ = {
			isa = PBXVariantGroup;
			children = (
				9016E0FF249440F3000AC54F /* Base */,
			);
			name = LaunchScreen.storyboard;
			sourceTree = "<group>";
		};
/* End PBXVariantGroup section */

/* Begin XCBuildConfiguration section */
		9016E102249440F3000AC54F /* Debug */ = {
			isa = XCBuildConfiguration;
			buildSettings = {
				ALWAYS_SEARCH_USER_PATHS = NO;
				CLANG_ANALYZER_NONNULL = YES;
				CLANG_ANALYZER_NUMBER_OBJECT_CONVERSION = YES_AGGRESSIVE;
				CLANG_CXX_LANGUAGE_STANDARD = "gnu++14";
				CLANG_CXX_LIBRARY = "libc++";
				CLANG_ENABLE_MODULES = YES;
				CLANG_ENABLE_OBJC_ARC = YES;
				CLANG_ENABLE_OBJC_WEAK = YES;
				CLANG_WARN_BLOCK_CAPTURE_AUTORELEASING = YES;
				CLANG_WARN_BOOL_CONVERSION = YES;
				CLANG_WARN_COMMA = YES;
				CLANG_WARN_CONSTANT_CONVERSION = YES;
				CLANG_WARN_DEPRECATED_OBJC_IMPLEMENTATIONS = YES;
				CLANG_WARN_DIRECT_OBJC_ISA_USAGE = YES_ERROR;
				CLANG_WARN_DOCUMENTATION_COMMENTS = YES;
				CLANG_WARN_EMPTY_BODY = YES;
				CLANG_WARN_ENUM_CONVERSION = YES;
				CLANG_WARN_INFINITE_RECURSION = YES;
				CLANG_WARN_INT_CONVERSION = YES;
				CLANG_WARN_NON_LITERAL_NULL_CONVERSION = YES;
				CLANG_WARN_OBJC_IMPLICIT_RETAIN_SELF = YES;
				CLANG_WARN_OBJC_LITERAL_CONVERSION = YES;
				CLANG_WARN_OBJC_ROOT_CLASS = YES_ERROR;
				CLANG_WARN_RANGE_LOOP_ANALYSIS = YES;
				CLANG_WARN_STRICT_PROTOTYPES = YES;
				CLANG_WARN_SUSPICIOUS_MOVE = YES;
				CLANG_WARN_UNGUARDED_AVAILABILITY = YES_AGGRESSIVE;
				CLANG_WARN_UNREACHABLE_CODE = YES;
				CLANG_WARN__DUPLICATE_METHOD_MATCH = YES;
				COPY_PHASE_STRIP = NO;
				DEBUG_INFORMATION_FORMAT = dwarf;
				ENABLE_STRICT_OBJC_MSGSEND = YES;
				ENABLE_TESTABILITY = YES;
				GCC_C_LANGUAGE_STANDARD = gnu11;
				GCC_DYNAMIC_NO_PIC = NO;
				GCC_NO_COMMON_BLOCKS = YES;
				GCC_OPTIMIZATION_LEVEL = 0;
				GCC_PREPROCESSOR_DEFINITIONS = (
					"DEBUG=1",
					"$(inherited)",
				);
				GCC_WARN_64_TO_32_BIT_CONVERSION = YES;
				GCC_WARN_ABOUT_RETURN_TYPE = YES_ERROR;
				GCC_WARN_UNDECLARED_SELECTOR = YES;
				GCC_WARN_UNINITIALIZED_AUTOS = YES_AGGRESSIVE;
				GCC_WARN_UNUSED_FUNCTION = YES;
				GCC_WARN_UNUSED_VARIABLE = YES;
				IPHONEOS_DEPLOYMENT_TARGET = 13.5;
				MTL_ENABLE_DEBUG_INFO = INCLUDE_SOURCE;
				MTL_FAST_MATH = YES;
				ONLY_ACTIVE_ARCH = YES;
				SDKROOT = iphoneos;
				SWIFT_ACTIVE_COMPILATION_CONDITIONS = DEBUG;
				SWIFT_OPTIMIZATION_LEVEL = "-Onone";
			};
			name = Debug;
		};
		9016E103249440F3000AC54F /* Release */ = {
			isa = XCBuildConfiguration;
			buildSettings = {
				ALWAYS_SEARCH_USER_PATHS = NO;
				CLANG_ANALYZER_NONNULL = YES;
				CLANG_ANALYZER_NUMBER_OBJECT_CONVERSION = YES_AGGRESSIVE;
				CLANG_CXX_LANGUAGE_STANDARD = "gnu++14";
				CLANG_CXX_LIBRARY = "libc++";
				CLANG_ENABLE_MODULES = YES;
				CLANG_ENABLE_OBJC_ARC = YES;
				CLANG_ENABLE_OBJC_WEAK = YES;
				CLANG_WARN_BLOCK_CAPTURE_AUTORELEASING = YES;
				CLANG_WARN_BOOL_CONVERSION = YES;
				CLANG_WARN_COMMA = YES;
				CLANG_WARN_CONSTANT_CONVERSION = YES;
				CLANG_WARN_DEPRECATED_OBJC_IMPLEMENTATIONS = YES;
				CLANG_WARN_DIRECT_OBJC_ISA_USAGE = YES_ERROR;
				CLANG_WARN_DOCUMENTATION_COMMENTS = YES;
				CLANG_WARN_EMPTY_BODY = YES;
				CLANG_WARN_ENUM_CONVERSION = YES;
				CLANG_WARN_INFINITE_RECURSION = YES;
				CLANG_WARN_INT_CONVERSION = YES;
				CLANG_WARN_NON_LITERAL_NULL_CONVERSION = YES;
				CLANG_WARN_OBJC_IMPLICIT_RETAIN_SELF = YES;
				CLANG_WARN_OBJC_LITERAL_CONVERSION = YES;
				CLANG_WARN_OBJC_ROOT_CLASS = YES_ERROR;
				CLANG_WARN_RANGE_LOOP_ANALYSIS = YES;
				CLANG_WARN_STRICT_PROTOTYPES = YES;
				CLANG_WARN_SUSPICIOUS_MOVE = YES;
				CLANG_WARN_UNGUARDED_AVAILABILITY = YES_AGGRESSIVE;
				CLANG_WARN_UNREACHABLE_CODE = YES;
				CLANG_WARN__DUPLICATE_METHOD_MATCH = YES;
				COPY_PHASE_STRIP = NO;
				DEBUG_INFORMATION_FORMAT = "dwarf-with-dsym";
				ENABLE_NS_ASSERTIONS = NO;
				ENABLE_STRICT_OBJC_MSGSEND = YES;
				GCC_C_LANGUAGE_STANDARD = gnu11;
				GCC_NO_COMMON_BLOCKS = YES;
				GCC_WARN_64_TO_32_BIT_CONVERSION = YES;
				GCC_WARN_ABOUT_RETURN_TYPE = YES_ERROR;
				GCC_WARN_UNDECLARED_SELECTOR = YES;
				GCC_WARN_UNINITIALIZED_AUTOS = YES_AGGRESSIVE;
				GCC_WARN_UNUSED_FUNCTION = YES;
				GCC_WARN_UNUSED_VARIABLE = YES;
				IPHONEOS_DEPLOYMENT_TARGET = 13.5;
				MTL_ENABLE_DEBUG_INFO = NO;
				MTL_FAST_MATH = YES;
				SDKROOT = iphoneos;
				SWIFT_COMPILATION_MODE = wholemodule;
				SWIFT_OPTIMIZATION_LEVEL = "-O";
				VALIDATE_PRODUCT = YES;
			};
			name = Release;
		};
		9016E105249440F3000AC54F /* Debug */ = {
			isa = XCBuildConfiguration;
			baseConfigurationReference = 387469B30930309D3F0896CC /* Pods-Pomodoro.debug.xcconfig */;
			buildSettings = {
				ASSETCATALOG_COMPILER_APPICON_NAME = AppIcon;
				CODE_SIGN_STYLE = Automatic;
				INFOPLIST_FILE = Pomodoro/Info.plist;
				LD_RUNPATH_SEARCH_PATHS = (
					"$(inherited)",
					"@executable_path/Frameworks",
				);
				PRODUCT_BUNDLE_IDENTIFIER = JDoor.Pomodoro;
				PRODUCT_NAME = "$(TARGET_NAME)";
				SWIFT_VERSION = 5.0;
				TARGETED_DEVICE_FAMILY = "1,2";
			};
			name = Debug;
		};
		9016E106249440F3000AC54F /* Release */ = {
			isa = XCBuildConfiguration;
			baseConfigurationReference = 1E197EF6B492897189AA9A92 /* Pods-Pomodoro.release.xcconfig */;
			buildSettings = {
				ASSETCATALOG_COMPILER_APPICON_NAME = AppIcon;
				CODE_SIGN_STYLE = Automatic;
				INFOPLIST_FILE = Pomodoro/Info.plist;
				LD_RUNPATH_SEARCH_PATHS = (
					"$(inherited)",
					"@executable_path/Frameworks",
				);
				PRODUCT_BUNDLE_IDENTIFIER = JDoor.Pomodoro;
				PRODUCT_NAME = "$(TARGET_NAME)";
				SWIFT_VERSION = 5.0;
				TARGETED_DEVICE_FAMILY = "1,2";
			};
			name = Release;
		};
/* End XCBuildConfiguration section */

/* Begin XCConfigurationList section */
		9016E0E8249440F2000AC54F /* Build configuration list for PBXProject "Pomodoro" */ = {
			isa = XCConfigurationList;
			buildConfigurations = (
				9016E102249440F3000AC54F /* Debug */,
				9016E103249440F3000AC54F /* Release */,
			);
			defaultConfigurationIsVisible = 0;
			defaultConfigurationName = Release;
		};
		9016E104249440F3000AC54F /* Build configuration list for PBXNativeTarget "Pomodoro" */ = {
			isa = XCConfigurationList;
			buildConfigurations = (
				9016E105249440F3000AC54F /* Debug */,
				9016E106249440F3000AC54F /* Release */,
			);
			defaultConfigurationIsVisible = 0;
			defaultConfigurationName = Release;
		};
/* End XCConfigurationList section */

/* Begin XCVersionGroup section */
		9016E0F9249440F2000AC54F /* Pomodoro.xcdatamodeld */ = {
			isa = XCVersionGroup;
			children = (
				9016E0FA249440F2000AC54F /* Pomodoro.xcdatamodel */,
			);
			currentVersion = 9016E0FA249440F2000AC54F /* Pomodoro.xcdatamodel */;
			path = Pomodoro.xcdatamodeld;
			sourceTree = "<group>";
			versionGroupType = wrapper.xcdatamodel;
		};
/* End XCVersionGroup section */
	};
	rootObject = 9016E0E5249440F2000AC54F /* Project object */;
}
